{
  "name": "gha-buildevents",
  "version": "1.0.0",
  "lockfileVersion": 1,
  "requires": true,
  "dependencies": {
    "@actions/core": {
      "version": "1.2.3",
      "resolved": "https://registry.npmjs.org/@actions/core/-/core-1.2.3.tgz",
      "integrity": "sha512-Wp4xnyokakM45Uuj4WLUxdsa8fJjKVl1fDTsPbTEcTcuu0Nb26IPQbOtjmnfaCPGcaoPOOqId8H9NapZ8gii4w=="
    },
    "@actions/exec": {
      "version": "1.0.3",
      "resolved": "https://registry.npmjs.org/@actions/exec/-/exec-1.0.3.tgz",
      "integrity": "sha512-TogJGnueOmM7ntCi0ASTUj4LapRRtDfj57Ja4IhPmg2fls28uVOPbAn8N+JifaOumN2UG3oEO/Ixek2A4NcYSA==",
      "requires": {
        "@actions/io": "^1.0.1"
      }
    },
    "@actions/io": {
      "version": "1.0.2",
      "resolved": "https://registry.npmjs.org/@actions/io/-/io-1.0.2.tgz",
      "integrity": "sha512-J8KuFqVPr3p6U8W93DOXlXW6zFvrQAJANdS+vw0YhusLIq+bszW8zmK2Fh1C2kDPX8FMvwIl1OUcFgvJoXLbAg=="
    },
    "logfmt": {
      "version": "1.3.2",
      "resolved": "https://registry.npmjs.org/logfmt/-/logfmt-1.3.2.tgz",
      "integrity": "sha512-U0lelcaGWEfEITZQXs8y5HrJp2xa0BJ+KDfkkLJRmuKbQIEVGNv145FbaNekY4ZYHJSBBx8NLJitaPtRqLEkxQ==",
      "requires": {
        "split": "0.2.x",
        "through": "2.3.x"
      }
    },
    "split": {
      "version": "0.2.10",
      "resolved": "https://registry.npmjs.org/split/-/split-0.2.10.tgz",
      "integrity": "sha1-Zwl8YB1pfOE2j0GPBs0gHPBSGlc=",
      "requires": {
        "through": "2"
      }
    },
    "through": {
      "version": "2.3.8",
      "resolved": "https://registry.npmjs.org/through/-/through-2.3.8.tgz",
      "integrity": "sha1-DdTJ/6q8NXlgsbckEV1+Doai4fU="
    }
  }
}
